
Microsoft Visual Studio Solution File, Format Version 12.00
# Visual Studio Version 16
VisualStudioVersion = 16.0.31112.23
MinimumVisualStudioVersion = 10.0.40219.1
Project("{FAE04EC0-301F-11D3-BF4B-00C04F79EFBC}") = "Quote.WebAPI.MongoDB", "Quote.WebAPI.MongoDB\Quote.WebAPI.MongoDB.csproj", "{4A4919F5-FA23-44F8-A7C8-7968463DE67C}"
EndProject
Global
	GlobalSection(SolutionConfigurationPlatforms) = preSolution
		Debug|Any CPU = Debug|Any CPU
		Release|Any CPU = Release|Any CPU
	EndGlobalSection
	GlobalSection(ProjectConfigurationPlatforms) = postSolution
		{4A4919F5-FA23-44F8-A7C8-7968463DE67C}.Debug|Any CPU.ActiveCfg = Debug|Any CPU
		{4A4919F5-FA23-44F8-A7C8-7968463DE67C}.Debug|Any CPU.Build.0 = Debug|Any CPU
		{4A4919F5-FA23-44F8-A7C8-7968463DE67C}.Release|Any CPU.ActiveCfg = Release|Any CPU
		{4A4919F5-FA23-44F8-A7C8-7968463DE67C}.Release|Any CPU.Build.0 = Release|Any CPU
	EndGlobalSection
	GlobalSection(SolutionProperties) = preSolution
		HideSolutionNode = FALSE
	EndGlobalSection
	GlobalSection(ExtensibilityGlobals) = postSolution
		SolutionGuid = {F62227FF-912B-4E66-BCA1-89286DFCC2F1}
	EndGlobalSection
EndGlobal
